<?xml version="1.0" encoding="utf-8"?>
<Project ToolsVersion="4.0" xmlns="http://schemas.microsoft.com/developer/msbuild/2003">
  <ItemGroup>
    <Filter Include="Source Files">
      <UniqueIdentifier>{4FC737F1-C7A5-4376-A066-2A32D752A2FF}</UniqueIdentifier>
      <Extensions>cpp;c;cc;cxx;def;odl;idl;hpj;bat;asm;asmx</Extensions>
    </Filter>
    <Filter Include="Header Files">
      <UniqueIdentifier>{93995380-89BD-4b04-88EB-625FBE52EBFB}</UniqueIdentifier>
      <Extensions>h;hh;hpp;hxx;hm;inl;inc;xsd</Extensions>
    </Filter>
    <Filter Include="Resource Files">
      <UniqueIdentifier>{67DA6AB6-F800-4c08-8B7A-83BB121AAD01}</UniqueIdentifier>
      <Extensions>rc;ico;cur;bmp;dlg;rc2;rct;bin;rgs;gif;jpg;jpeg;jpe;resx;tiff;tif;png;wav;mfcribbon-ms</Extensions>
    </Filter>
    <Filter Include="extern">
      <UniqueIdentifier>{5c403ea3-8431-4ede-9085-7484ddc37aeb}</UniqueIdentifier>
    </Filter>
  </ItemGroup>
  <ItemGroup>
    <ClCompile Include="main.cpp">
      <Filter>Source Files</Filter>
    </ClCompile>
    <ClCompile Include="file_system.cpp">
      <Filter>Source Files</Filter>
    </ClCompile>
    <ClCompile Include="graphics.cpp">
      <Filter>Source Files</Filter>
    </ClCompile>
    <ClCompile Include="time_system.cpp">
      <Filter>Source Files</Filter>
    </ClCompile>
    <ClCompile Include="..\includes\Dear ImGUI\imgui_impl_sdl_gl3.cpp">
      <Filter>extern</Filter>
    </ClCompile>
    <ClCompile Include="math_utils.cpp">
      <Filter>Source Files</Filter>
    </ClCompile>
    <ClCompile Include="mesh.cpp">
      <Filter>Source Files</Filter>
    </ClCompile>
    <ClCompile Include="model.cpp">
      <Filter>Source Files</Filter>
    </ClCompile>
    <ClCompile Include="material.cpp">
      <Filter>Source Files</Filter>
    </ClCompile>
    <ClCompile Include="input.cpp">
      <Filter>Source Files</Filter>
    </ClCompile>
    <ClCompile Include="light.cpp">
      <Filter>Source Files</Filter>
    </ClCompile>
    <ClCompile Include="noise.cpp">
      <Filter>Source Files</Filter>
    </ClCompile>
    <ClCompile Include="terrain_demo.cpp">
      <Filter>Source Files</Filter>
    </ClCompile>
    <ClCompile Include="terrain.cpp">
      <Filter>Source Files</Filter>
    </ClCompile>
  </ItemGroup>
  <ItemGroup>
    <ClInclude Include="file_system.h">
      <Filter>Header Files</Filter>
    </ClInclude>
    <ClInclude Include="game_states.h">
      <Filter>Header Files</Filter>
    </ClInclude>
    <ClInclude Include="graphics.h">
      <Filter>Header Files</Filter>
    </ClInclude>
    <ClInclude Include="math_utils.h">
      <Filter>Header Files</Filter>
    </ClInclude>
    <ClInclude Include="scene.h">
      <Filter>Header Files</Filter>
    </ClInclude>
    <ClInclude Include="time_system.h">
      <Filter>Header Files</Filter>
    </ClInclude>
    <ClInclude Include="camera.h">
      <Filter>Header Files</Filter>
    </ClInclude>
    <ClInclude Include="light.h">
      <Filter>Header Files</Filter>
    </ClInclude>
    <ClInclude Include="color.h">
      <Filter>Header Files</Filter>
    </ClInclude>
    <ClInclude Include="material.h">
      <Filter>Header Files</Filter>
    </ClInclude>
    <ClInclude Include="..\includes\Dear ImGUI\imgui_impl_sdl_gl3.h">
      <Filter>extern</Filter>
    </ClInclude>
    <ClInclude Include="mesh.h">
      <Filter>Header Files</Filter>
    </ClInclude>
    <ClInclude Include="model.h">
      <Filter>Header Files</Filter>
    </ClInclude>
    <ClInclude Include="input.h">
      <Filter>Header Files</Filter>
    </ClInclude>
    <ClInclude Include="noise.h">
      <Filter>Header Files</Filter>
    </ClInclude>
    <ClInclude Include="terrain.h">
      <Filter>Header Files</Filter>
    </ClInclude>
  </ItemGroup>
  <ItemGroup>
    <None Include="..\data\shaders\terrain_cubemap.vert">
      <Filter>Resource Files</Filter>
    </None>
    <None Include="..\data\shaders\terrain_map.vert">
      <Filter>Resource Files</Filter>
    </None>
    <None Include="..\data\shaders\terrain_perlin.vert">
      <Filter>Resource Files</Filter>
    </None>
    <None Include="..\data\shaders\geometry_pass.frag">
      <Filter>Resource Files</Filter>
    </None>
    <None Include="..\data\shaders\terrain_perlin.frag">
      <Filter>Resource Files</Filter>
    </None>
    <None Include="..\data\shaders\lighting_pass.frag">
      <Filter>Resource Files</Filter>
    </None>
    <None Include="..\data\shaders\light.frag">
      <Filter>Resource Files</Filter>
    </None>
    <None Include="..\data\shaders\terrain_cubemap.frag">
      <Filter>Resource Files</Filter>
    </None>
    <None Include="..\data\shaders\terrain_map.frag">
      <Filter>Resource Files</Filter>
    </None>
  </ItemGroup>
</Project>